
Microsoft Visual Studio Solution File, Format Version 12.00
# Visual Studio Version 17
VisualStudioVersion = 17.3.32804.467
MinimumVisualStudioVersion = 10.0.40219.1
Project("{FAE04EC0-301F-11D3-BF4B-00C04F79EFBC}") = "eCinema", "eCinema.csproj", "{D359A996-D70A-434D-8616-2DC0CFA644E1}"
EndProject
Global
	GlobalSection(SolutionConfigurationPlatforms) = preSolution
		Debug|Any CPU = Debug|Any CPU
		Release|Any CPU = Release|Any CPU
	EndGlobalSection
	GlobalSection(ProjectConfigurationPlatforms) = postSolution
		{D359A996-D70A-434D-8616-2DC0CFA644E1}.Debug|Any CPU.ActiveCfg = Debug|Any CPU
		{D359A996-D70A-434D-8616-2DC0CFA644E1}.Debug|Any CPU.Build.0 = Debug|Any CPU
		{D359A996-D70A-434D-8616-2DC0CFA644E1}.Release|Any CPU.ActiveCfg = Release|Any CPU
		{D359A996-D70A-434D-8616-2DC0CFA644E1}.Release|Any CPU.Build.0 = Release|Any CPU
	EndGlobalSection
	GlobalSection(SolutionProperties) = preSolution
		HideSolutionNode = FALSE
	EndGlobalSection
	GlobalSection(ExtensibilityGlobals) = postSolution
		SolutionGuid = {412A3A08-72E4-4794-8F9A-CA45157EF982}
	EndGlobalSection
EndGlobal
